
Microsoft Visual Studio Solution File, Format Version 12.00
# Visual Studio Version 16
VisualStudioVersion = 25.0.1706.12
MinimumVisualStudioVersion = 10.0.40219.1
Project("{FAE04EC0-301F-11D3-BF4B-00C04F79EFBC}") = "DZ2", "DZ2\DZ2.csproj", "{7DC3D662-A0C4-4BCD-9A34-8F1C168A56BF}"
EndProject
Global
	GlobalSection(SolutionConfigurationPlatforms) = preSolution
		Debug|Any CPU = Debug|Any CPU
		Release|Any CPU = Release|Any CPU
	EndGlobalSection
	GlobalSection(ProjectConfigurationPlatforms) = postSolution
		{7DC3D662-A0C4-4BCD-9A34-8F1C168A56BF}.Debug|Any CPU.ActiveCfg = Debug|Any CPU
		{7DC3D662-A0C4-4BCD-9A34-8F1C168A56BF}.Debug|Any CPU.Build.0 = Debug|Any CPU
		{7DC3D662-A0C4-4BCD-9A34-8F1C168A56BF}.Release|Any CPU.ActiveCfg = Release|Any CPU
		{7DC3D662-A0C4-4BCD-9A34-8F1C168A56BF}.Release|Any CPU.Build.0 = Release|Any CPU
	EndGlobalSection
	GlobalSection(SolutionProperties) = preSolution
		HideSolutionNode = FALSE
	EndGlobalSection
	GlobalSection(ExtensibilityGlobals) = postSolution
		SolutionGuid = {AF872BD0-0151-47FF-B433-8DD3317ED10F}
	EndGlobalSection
EndGlobal
